
Microsoft Visual Studio Solution File, Format Version 12.00
# Visual Studio 15
VisualStudioVersion = 15.0.28307.421
MinimumVisualStudioVersion = 10.0.40219.1
Project("{FAE04EC0-301F-11D3-BF4B-00C04F79EFBC}") = "FullTempTest", "FullTempTest\FullTempTest.csproj", "{8AA4B05E-DDD0-4A31-9831-5CC5D0B2DACF}"
EndProject
Global
	GlobalSection(SolutionConfigurationPlatforms) = preSolution
		Debug|Any CPU = Debug|Any CPU
		Release|Any CPU = Release|Any CPU
	EndGlobalSection
	GlobalSection(ProjectConfigurationPlatforms) = postSolution
		{8AA4B05E-DDD0-4A31-9831-5CC5D0B2DACF}.Debug|Any CPU.ActiveCfg = Debug|Any CPU
		{8AA4B05E-DDD0-4A31-9831-5CC5D0B2DACF}.Debug|Any CPU.Build.0 = Debug|Any CPU
		{8AA4B05E-DDD0-4A31-9831-5CC5D0B2DACF}.Release|Any CPU.ActiveCfg = Release|Any CPU
		{8AA4B05E-DDD0-4A31-9831-5CC5D0B2DACF}.Release|Any CPU.Build.0 = Release|Any CPU
	EndGlobalSection
	GlobalSection(SolutionProperties) = preSolution
		HideSolutionNode = FALSE
	EndGlobalSection
	GlobalSection(ExtensibilityGlobals) = postSolution
		SolutionGuid = {D08D1312-9FEF-486C-9239-7EFDEF990765}
	EndGlobalSection
EndGlobal
